
Microsoft Visual Studio Solution File, Format Version 12.00
# Visual Studio 15
VisualStudioVersion = 15.0.26403.7
MinimumVisualStudioVersion = 10.0.40219.1
Project("{FAE04EC0-301F-11D3-BF4B-00C04F79EFBC}") = "ArcTouchApp", "ArcTouchApp\ArcTouchApp\ArcTouchApp.csproj", "{A326CCEC-F89D-4564-A6B4-D2A26098D9ED}"
EndProject
Project("{FAE04EC0-301F-11D3-BF4B-00C04F79EFBC}") = "ArcTouchApp.Droid", "ArcTouchApp\ArcTouchApp.Droid\ArcTouchApp.Droid.csproj", "{030788A1-1F78-4814-B60C-08F495BE4CA2}"
EndProject
Project("{FAE04EC0-301F-11D3-BF4B-00C04F79EFBC}") = "ArcTouchApp.iOS", "ArcTouchApp\ArcTouchApp.iOS\ArcTouchApp.iOS.csproj", "{20A538C0-543E-40D3-B4A4-9C92D8D91744}"
EndProject
Project("{FAE04EC0-301F-11D3-BF4B-00C04F79EFBC}") = "ArcTouchPOC", "ArcTouchPOC\ArcTouchPOC.csproj", "{152A80E6-FB34-44E8-82C0-8ACB6E1D3B5D}"
EndProject
Global
	GlobalSection(SolutionConfigurationPlatforms) = preSolution
		Ad-Hoc|Any CPU = Ad-Hoc|Any CPU
		Ad-Hoc|iPhone = Ad-Hoc|iPhone
		Ad-Hoc|iPhoneSimulator = Ad-Hoc|iPhoneSimulator
		AppStore|Any CPU = AppStore|Any CPU
		AppStore|iPhone = AppStore|iPhone
		AppStore|iPhoneSimulator = AppStore|iPhoneSimulator
		Debug|Any CPU = Debug|Any CPU
		Debug|iPhone = Debug|iPhone
		Debug|iPhoneSimulator = Debug|iPhoneSimulator
		Release|Any CPU = Release|Any CPU
		Release|iPhone = Release|iPhone
		Release|iPhoneSimulator = Release|iPhoneSimulator
	EndGlobalSection
	GlobalSection(ProjectConfigurationPlatforms) = postSolution
		{A326CCEC-F89D-4564-A6B4-D2A26098D9ED}.Ad-Hoc|Any CPU.ActiveCfg = Release|Any CPU
		{A326CCEC-F89D-4564-A6B4-D2A26098D9ED}.Ad-Hoc|Any CPU.Build.0 = Release|Any CPU
		{A326CCEC-F89D-4564-A6B4-D2A26098D9ED}.Ad-Hoc|iPhone.ActiveCfg = Release|Any CPU
		{A326CCEC-F89D-4564-A6B4-D2A26098D9ED}.Ad-Hoc|iPhone.Build.0 = Release|Any CPU
		{A326CCEC-F89D-4564-A6B4-D2A26098D9ED}.Ad-Hoc|iPhoneSimulator.ActiveCfg = Release|Any CPU
		{A326CCEC-F89D-4564-A6B4-D2A26098D9ED}.Ad-Hoc|iPhoneSimulator.Build.0 = Release|Any CPU
		{A326CCEC-F89D-4564-A6B4-D2A26098D9ED}.AppStore|Any CPU.ActiveCfg = Release|Any CPU
		{A326CCEC-F89D-4564-A6B4-D2A26098D9ED}.AppStore|Any CPU.Build.0 = Release|Any CPU
		{A326CCEC-F89D-4564-A6B4-D2A26098D9ED}.AppStore|iPhone.ActiveCfg = Release|Any CPU
		{A326CCEC-F89D-4564-A6B4-D2A26098D9ED}.AppStore|iPhone.Build.0 = Release|Any CPU
		{A326CCEC-F89D-4564-A6B4-D2A26098D9ED}.AppStore|iPhoneSimulator.ActiveCfg = Release|Any CPU
		{A326CCEC-F89D-4564-A6B4-D2A26098D9ED}.AppStore|iPhoneSimulator.Build.0 = Release|Any CPU
		{A326CCEC-F89D-4564-A6B4-D2A26098D9ED}.Debug|Any CPU.ActiveCfg = Debug|Any CPU
		{A326CCEC-F89D-4564-A6B4-D2A26098D9ED}.Debug|Any CPU.Build.0 = Debug|Any CPU
		{A326CCEC-F89D-4564-A6B4-D2A26098D9ED}.Debug|iPhone.ActiveCfg = Debug|Any CPU
		{A326CCEC-F89D-4564-A6B4-D2A26098D9ED}.Debug|iPhone.Build.0 = Debug|Any CPU
		{A326CCEC-F89D-4564-A6B4-D2A26098D9ED}.Debug|iPhoneSimulator.ActiveCfg = Debug|Any CPU
		{A326CCEC-F89D-4564-A6B4-D2A26098D9ED}.Debug|iPhoneSimulator.Build.0 = Debug|Any CPU
		{A326CCEC-F89D-4564-A6B4-D2A26098D9ED}.Release|Any CPU.ActiveCfg = Release|Any CPU
		{A326CCEC-F89D-4564-A6B4-D2A26098D9ED}.Release|Any CPU.Build.0 = Release|Any CPU
		{A326CCEC-F89D-4564-A6B4-D2A26098D9ED}.Release|iPhone.ActiveCfg = Release|Any CPU
		{A326CCEC-F89D-4564-A6B4-D2A26098D9ED}.Release|iPhone.Build.0 = Release|Any CPU
		{A326CCEC-F89D-4564-A6B4-D2A26098D9ED}.Release|iPhoneSimulator.ActiveCfg = Release|Any CPU
		{A326CCEC-F89D-4564-A6B4-D2A26098D9ED}.Release|iPhoneSimulator.Build.0 = Release|Any CPU
		{030788A1-1F78-4814-B60C-08F495BE4CA2}.Ad-Hoc|Any CPU.ActiveCfg = Release|Any CPU
		{030788A1-1F78-4814-B60C-08F495BE4CA2}.Ad-Hoc|Any CPU.Build.0 = Release|Any CPU
		{030788A1-1F78-4814-B60C-08F495BE4CA2}.Ad-Hoc|Any CPU.Deploy.0 = Release|Any CPU
		{030788A1-1F78-4814-B60C-08F495BE4CA2}.Ad-Hoc|iPhone.ActiveCfg = Release|Any CPU
		{030788A1-1F78-4814-B60C-08F495BE4CA2}.Ad-Hoc|iPhone.Build.0 = Release|Any CPU
		{030788A1-1F78-4814-B60C-08F495BE4CA2}.Ad-Hoc|iPhone.Deploy.0 = Release|Any CPU
		{030788A1-1F78-4814-B60C-08F495BE4CA2}.Ad-Hoc|iPhoneSimulator.ActiveCfg = Release|Any CPU
		{030788A1-1F78-4814-B60C-08F495BE4CA2}.Ad-Hoc|iPhoneSimulator.Build.0 = Release|Any CPU
		{030788A1-1F78-4814-B60C-08F495BE4CA2}.Ad-Hoc|iPhoneSimulator.Deploy.0 = Release|Any CPU
		{030788A1-1F78-4814-B60C-08F495BE4CA2}.AppStore|Any CPU.ActiveCfg = Release|Any CPU
		{030788A1-1F78-4814-B60C-08F495BE4CA2}.AppStore|Any CPU.Build.0 = Release|Any CPU
		{030788A1-1F78-4814-B60C-08F495BE4CA2}.AppStore|Any CPU.Deploy.0 = Release|Any CPU
		{030788A1-1F78-4814-B60C-08F495BE4CA2}.AppStore|iPhone.ActiveCfg = Release|Any CPU
		{030788A1-1F78-4814-B60C-08F495BE4CA2}.AppStore|iPhone.Build.0 = Release|Any CPU
		{030788A1-1F78-4814-B60C-08F495BE4CA2}.AppStore|iPhone.Deploy.0 = Release|Any CPU
		{030788A1-1F78-4814-B60C-08F495BE4CA2}.AppStore|iPhoneSimulator.ActiveCfg = Release|Any CPU
		{030788A1-1F78-4814-B60C-08F495BE4CA2}.AppStore|iPhoneSimulator.Build.0 = Release|Any CPU
		{030788A1-1F78-4814-B60C-08F495BE4CA2}.AppStore|iPhoneSimulator.Deploy.0 = Release|Any CPU
		{030788A1-1F78-4814-B60C-08F495BE4CA2}.Debug|Any CPU.ActiveCfg = Debug|Any CPU
		{030788A1-1F78-4814-B60C-08F495BE4CA2}.Debug|Any CPU.Build.0 = Debug|Any CPU
		{030788A1-1F78-4814-B60C-08F495BE4CA2}.Debug|Any CPU.Deploy.0 = Debug|Any CPU
		{030788A1-1F78-4814-B60C-08F495BE4CA2}.Debug|iPhone.ActiveCfg = Debug|Any CPU
		{030788A1-1F78-4814-B60C-08F495BE4CA2}.Debug|iPhone.Build.0 = Debug|Any CPU
		{030788A1-1F78-4814-B60C-08F495BE4CA2}.Debug|iPhone.Deploy.0 = Debug|Any CPU
		{030788A1-1F78-4814-B60C-08F495BE4CA2}.Debug|iPhoneSimulator.ActiveCfg = Debug|Any CPU
		{030788A1-1F78-4814-B60C-08F495BE4CA2}.Debug|iPhoneSimulator.Build.0 = Debug|Any CPU
		{030788A1-1F78-4814-B60C-08F495BE4CA2}.Debug|iPhoneSimulator.Deploy.0 = Debug|Any CPU
		{030788A1-1F78-4814-B60C-08F495BE4CA2}.Release|Any CPU.ActiveCfg = Release|Any CPU
		{030788A1-1F78-4814-B60C-08F495BE4CA2}.Release|Any CPU.Build.0 = Release|Any CPU
		{030788A1-1F78-4814-B60C-08F495BE4CA2}.Release|Any CPU.Deploy.0 = Release|Any CPU
		{030788A1-1F78-4814-B60C-08F495BE4CA2}.Release|iPhone.ActiveCfg = Release|Any CPU
		{030788A1-1F78-4814-B60C-08F495BE4CA2}.Release|iPhone.Build.0 = Release|Any CPU
		{030788A1-1F78-4814-B60C-08F495BE4CA2}.Release|iPhone.Deploy.0 = Release|Any CPU
		{030788A1-1F78-4814-B60C-08F495BE4CA2}.Release|iPhoneSimulator.ActiveCfg = Release|Any CPU
		{030788A1-1F78-4814-B60C-08F495BE4CA2}.Release|iPhoneSimulator.Build.0 = Release|Any CPU
		{030788A1-1F78-4814-B60C-08F495BE4CA2}.Release|iPhoneSimulator.Deploy.0 = Release|Any CPU
		{20A538C0-543E-40D3-B4A4-9C92D8D91744}.Ad-Hoc|Any CPU.ActiveCfg = Ad-Hoc|iPhone
		{20A538C0-543E-40D3-B4A4-9C92D8D91744}.Ad-Hoc|iPhone.ActiveCfg = Ad-Hoc|iPhone
		{20A538C0-543E-40D3-B4A4-9C92D8D91744}.Ad-Hoc|iPhone.Build.0 = Ad-Hoc|iPhone
		{20A538C0-543E-40D3-B4A4-9C92D8D91744}.Ad-Hoc|iPhoneSimulator.ActiveCfg = Ad-Hoc|iPhoneSimulator
		{20A538C0-543E-40D3-B4A4-9C92D8D91744}.Ad-Hoc|iPhoneSimulator.Build.0 = Ad-Hoc|iPhoneSimulator
		{20A538C0-543E-40D3-B4A4-9C92D8D91744}.AppStore|Any CPU.ActiveCfg = AppStore|iPhone
		{20A538C0-543E-40D3-B4A4-9C92D8D91744}.AppStore|iPhone.ActiveCfg = AppStore|iPhone
		{20A538C0-543E-40D3-B4A4-9C92D8D91744}.AppStore|iPhone.Build.0 = AppStore|iPhone
		{20A538C0-543E-40D3-B4A4-9C92D8D91744}.AppStore|iPhoneSimulator.ActiveCfg = AppStore|iPhoneSimulator
		{20A538C0-543E-40D3-B4A4-9C92D8D91744}.AppStore|iPhoneSimulator.Build.0 = AppStore|iPhoneSimulator
		{20A538C0-543E-40D3-B4A4-9C92D8D91744}.Debug|Any CPU.ActiveCfg = Debug|iPhone
		{20A538C0-543E-40D3-B4A4-9C92D8D91744}.Debug|Any CPU.Build.0 = Debug|iPhone
		{20A538C0-543E-40D3-B4A4-9C92D8D91744}.Debug|iPhone.ActiveCfg = Debug|iPhone
		{20A538C0-543E-40D3-B4A4-9C92D8D91744}.Debug|iPhone.Build.0 = Debug|iPhone
		{20A538C0-543E-40D3-B4A4-9C92D8D91744}.Debug|iPhoneSimulator.ActiveCfg = Debug|iPhoneSimulator
		{20A538C0-543E-40D3-B4A4-9C92D8D91744}.Debug|iPhoneSimulator.Build.0 = Debug|iPhoneSimulator
		{20A538C0-543E-40D3-B4A4-9C92D8D91744}.Release|Any CPU.ActiveCfg = Release|iPhone
		{20A538C0-543E-40D3-B4A4-9C92D8D91744}.Release|iPhone.ActiveCfg = Release|iPhone
		{20A538C0-543E-40D3-B4A4-9C92D8D91744}.Release|iPhone.Build.0 = Release|iPhone
		{20A538C0-543E-40D3-B4A4-9C92D8D91744}.Release|iPhoneSimulator.ActiveCfg = Release|iPhoneSimulator
		{20A538C0-543E-40D3-B4A4-9C92D8D91744}.Release|iPhoneSimulator.Build.0 = Release|iPhoneSimulator
		{152A80E6-FB34-44E8-82C0-8ACB6E1D3B5D}.Ad-Hoc|Any CPU.ActiveCfg = Release|Any CPU
		{152A80E6-FB34-44E8-82C0-8ACB6E1D3B5D}.Ad-Hoc|Any CPU.Build.0 = Release|Any CPU
		{152A80E6-FB34-44E8-82C0-8ACB6E1D3B5D}.Ad-Hoc|iPhone.ActiveCfg = Release|Any CPU
		{152A80E6-FB34-44E8-82C0-8ACB6E1D3B5D}.Ad-Hoc|iPhone.Build.0 = Release|Any CPU
		{152A80E6-FB34-44E8-82C0-8ACB6E1D3B5D}.Ad-Hoc|iPhoneSimulator.ActiveCfg = Release|Any CPU
		{152A80E6-FB34-44E8-82C0-8ACB6E1D3B5D}.Ad-Hoc|iPhoneSimulator.Build.0 = Release|Any CPU
		{152A80E6-FB34-44E8-82C0-8ACB6E1D3B5D}.AppStore|Any CPU.ActiveCfg = Release|Any CPU
		{152A80E6-FB34-44E8-82C0-8ACB6E1D3B5D}.AppStore|Any CPU.Build.0 = Release|Any CPU
		{152A80E6-FB34-44E8-82C0-8ACB6E1D3B5D}.AppStore|iPhone.ActiveCfg = Release|Any CPU
		{152A80E6-FB34-44E8-82C0-8ACB6E1D3B5D}.AppStore|iPhone.Build.0 = Release|Any CPU
		{152A80E6-FB34-44E8-82C0-8ACB6E1D3B5D}.AppStore|iPhoneSimulator.ActiveCfg = Release|Any CPU
		{152A80E6-FB34-44E8-82C0-8ACB6E1D3B5D}.AppStore|iPhoneSimulator.Build.0 = Release|Any CPU
		{152A80E6-FB34-44E8-82C0-8ACB6E1D3B5D}.Debug|Any CPU.ActiveCfg = Debug|Any CPU
		{152A80E6-FB34-44E8-82C0-8ACB6E1D3B5D}.Debug|Any CPU.Build.0 = Debug|Any CPU
		{152A80E6-FB34-44E8-82C0-8ACB6E1D3B5D}.Debug|iPhone.ActiveCfg = Debug|Any CPU
		{152A80E6-FB34-44E8-82C0-8ACB6E1D3B5D}.Debug|iPhone.Build.0 = Debug|Any CPU
		{152A80E6-FB34-44E8-82C0-8ACB6E1D3B5D}.Debug|iPhoneSimulator.ActiveCfg = Debug|Any CPU
		{152A80E6-FB34-44E8-82C0-8ACB6E1D3B5D}.Debug|iPhoneSimulator.Build.0 = Debug|Any CPU
		{152A80E6-FB34-44E8-82C0-8ACB6E1D3B5D}.Release|Any CPU.ActiveCfg = Release|Any CPU
		{152A80E6-FB34-44E8-82C0-8ACB6E1D3B5D}.Release|Any CPU.Build.0 = Release|Any CPU
		{152A80E6-FB34-44E8-82C0-8ACB6E1D3B5D}.Release|iPhone.ActiveCfg = Release|Any CPU
		{152A80E6-FB34-44E8-82C0-8ACB6E1D3B5D}.Release|iPhone.Build.0 = Release|Any CPU
		{152A80E6-FB34-44E8-82C0-8ACB6E1D3B5D}.Release|iPhoneSimulator.ActiveCfg = Release|Any CPU
		{152A80E6-FB34-44E8-82C0-8ACB6E1D3B5D}.Release|iPhoneSimulator.Build.0 = Release|Any CPU
	EndGlobalSection
	GlobalSection(SolutionProperties) = preSolution
		HideSolutionNode = FALSE
	EndGlobalSection
EndGlobal
